
Microsoft Visual Studio Solution File, Format Version 12.00
# Visual Studio Version 16
VisualStudioVersion = 16.0.30804.86
MinimumVisualStudioVersion = 10.0.40219.1
Project("{FAE04EC0-301F-11D3-BF4B-00C04F79EFBC}") = "GAMEPROJECT", "GAMEPROJECT\GAMEPROJECT.csproj", "{0B8931A6-B5E1-48B9-B413-2017388CC182}"
EndProject
Global
	GlobalSection(SolutionConfigurationPlatforms) = preSolution
		Debug|Any CPU = Debug|Any CPU
		Release|Any CPU = Release|Any CPU
	EndGlobalSection
	GlobalSection(ProjectConfigurationPlatforms) = postSolution
		{0B8931A6-B5E1-48B9-B413-2017388CC182}.Debug|Any CPU.ActiveCfg = Debug|Any CPU
		{0B8931A6-B5E1-48B9-B413-2017388CC182}.Debug|Any CPU.Build.0 = Debug|Any CPU
		{0B8931A6-B5E1-48B9-B413-2017388CC182}.Release|Any CPU.ActiveCfg = Release|Any CPU
		{0B8931A6-B5E1-48B9-B413-2017388CC182}.Release|Any CPU.Build.0 = Release|Any CPU
	EndGlobalSection
	GlobalSection(SolutionProperties) = preSolution
		HideSolutionNode = FALSE
	EndGlobalSection
	GlobalSection(ExtensibilityGlobals) = postSolution
		SolutionGuid = {6F5A25A5-7603-4464-8E5F-59FC92D3BF66}
	EndGlobalSection
EndGlobal
